{
  "name": "wx_program",
  "version": "0.1.0-alpha.1",
  "lockfileVersion": 1,
  "requires": true,
  "dependencies": {
    "@vant/weapp": {
      "version": "1.0.7",
      "resolved": "https://registry.npm.taobao.org/@vant/weapp/download/@vant/weapp-1.0.7.tgz",
      "integrity": "sha1-G5CJgjQKk2T3WjRuFKMcBmYE/GI="
    },
    "wx-mini-program-axios": {
      "version": "1.0.2",
      "resolved": "https://registry.npm.taobao.org/wx-mini-program-axios/download/wx-mini-program-axios-1.0.2.tgz",
      "integrity": "sha1-rlBRfewHrfqcmNuVxGdMsK1o7j8="
    }
  }
}
